{
  "name": "tsbuffer",
  "version": "0.0.1",
  "lockfileVersion": 1,
  "requires": true,
  "dependencies": {
    "k8w-extend-native": {
      "version": "1.1.0",
      "resolved": "https://registry.npmjs.org/k8w-extend-native/-/k8w-extend-native-1.1.0.tgz",
      "integrity": "sha512-EyS/ilV1R555exy1rR4T9MOKfTalYRhKBnH9nxyEwJDN84v0rlksidFKj8eoBeSIzJmUvqoCPYsTYVlUfSWMIg==",
      "requires": {
        "k8w-linq-array": "*",
        "k8w-super-date": "*",
        "k8w-super-object": "*"
      }
    },
    "k8w-linq-array": {
      "version": "0.2.6",
      "resolved": "https://registry.npmjs.org/k8w-linq-array/-/k8w-linq-array-0.2.6.tgz",
      "integrity": "sha512-k7E4CL4b/qTpVUYU2mcNys8SsXUj+wUIUCPXXJ9ezuEJPdbyLDGMghn1dPhML0fMf/b9EF/N9u0nlMoCZ+DAdg=="
    },
    "k8w-super-date": {
      "version": "0.1.2",
      "resolved": "https://registry.npmjs.org/k8w-super-date/-/k8w-super-date-0.1.2.tgz",
      "integrity": "sha512-tTmDQEMEviD78ToUFG24EJXkiSFE+rW4jlcPiyNRCvlxEiWNTpAgcRZtoN2z8BDWW/euiKjzq9Dqx96rnyorPg=="
    },
    "k8w-super-object": {
      "version": "0.2.1",
      "resolved": "https://registry.npmjs.org/k8w-super-object/-/k8w-super-object-0.2.1.tgz",
      "integrity": "sha512-c6BmMDSFJrxeSRePAl/rE7nosvSWahA1h9Dd0pbmTl74dgKtrSx3+N5qYWsPFOfwX5rmy+eFQsrrMlqCMpwuNQ=="
    },
    "tsbuffer-schema": {
      "version": "0.8.0",
      "resolved": "https://registry.npmjs.org/tsbuffer-schema/-/tsbuffer-schema-0.8.0.tgz",
      "integrity": "sha512-BZHYs3GO5vNxAEGKdizieb12tYvMhL/mCbCsSLYR/1sVyEpcm9eml1I227zv8AKRW67JLrOaWN1aWZ+J6iLaxg=="
    },
    "tsbuffer-validator": {
      "version": "0.3.7",
      "resolved": "https://registry.npmjs.org/tsbuffer-validator/-/tsbuffer-validator-0.3.7.tgz",
      "integrity": "sha512-gQc0vxLhENzGyMix6XQjo1Le8lS9R8vRkLajK9TTRNHlTYvmi30a/l8hEif6NGsuq8oVCTFRYfs/2NWAniE1RA==",
      "requires": {
        "k8w-extend-native": "^1.1.0",
        "tsbuffer-schema": "^0.8.0"
      }
    }
  }
}
