{
  "name": "tsbuffer",
  "version": "0.1.2",
  "lockfileVersion": 1,
  "requires": true,
  "dependencies": {
    "k8w-extend-native": {
      "version": "1.2.0",
      "resolved": "https://registry.npmjs.org/k8w-extend-native/-/k8w-extend-native-1.2.0.tgz",
      "integrity": "sha512-zz243irbbz5bARbaAtQBueb+9rz49scCTmKEXOKsbQpA2FCngP2GXprfB2sgpCnqfe6yJqSCWv9a75xABX5gYw==",
      "requires": {
        "k8w-linq-array": "*",
        "k8w-super-date": "*",
        "k8w-super-object": "*"
      }
    },
    "k8w-linq-array": {
      "version": "0.2.7",
      "resolved": "https://registry.npmjs.org/k8w-linq-array/-/k8w-linq-array-0.2.7.tgz",
      "integrity": "sha512-E4hwi6c4lqC4b8zBkLK1IH/jOyLnc2lUDixG+DNAhjQmSWdL4KaXkwWmXmRztrxSPLbWPYU4qnmjgGHIZCC+YQ=="
    },
    "k8w-super-date": {
      "version": "0.1.2",
      "resolved": "https://registry.npmjs.org/k8w-super-date/-/k8w-super-date-0.1.2.tgz",
      "integrity": "sha512-tTmDQEMEviD78ToUFG24EJXkiSFE+rW4jlcPiyNRCvlxEiWNTpAgcRZtoN2z8BDWW/euiKjzq9Dqx96rnyorPg=="
    },
    "k8w-super-object": {
      "version": "0.2.1",
      "resolved": "https://registry.npmjs.org/k8w-super-object/-/k8w-super-object-0.2.1.tgz",
      "integrity": "sha512-c6BmMDSFJrxeSRePAl/rE7nosvSWahA1h9Dd0pbmTl74dgKtrSx3+N5qYWsPFOfwX5rmy+eFQsrrMlqCMpwuNQ=="
    },
    "tsbuffer-schema": {
      "version": "0.9.0",
      "resolved": "https://registry.npmjs.org/tsbuffer-schema/-/tsbuffer-schema-0.9.0.tgz",
      "integrity": "sha512-QNi8SUMld0CrtLeRewT3G2EkMuG8tQ4eBJ//NArA2aa54V0k7Zl/zGWMHwbRzxfJXFXxcUCFG7i/MNyMUk746Q=="
    },
    "tsbuffer-validator": {
      "version": "0.4.0",
      "resolved": "https://registry.npmjs.org/tsbuffer-validator/-/tsbuffer-validator-0.4.0.tgz",
      "integrity": "sha512-NNw+JHSrHkwNXlVDn8r7z65psVZbW+E4NcqVR0AwqfHmPW83Nw+kunHXvht8arQxprXesmxHswG9H4NlCwTglg==",
      "requires": {
        "k8w-extend-native": "^1.1.0",
        "tsbuffer-schema": "^0.9.0"
      }
    }
  }
}
